
Microsoft Visual Studio Solution File, Format Version 12.00
# Visual Studio Version 17
VisualStudioVersion = 17.0.32112.339
MinimumVisualStudioVersion = 10.0.40219.1
Project("{8BC9CEB8-8B4A-11D0-8D11-00A0C91BC942}") = "abc", "abc.vcxproj", "{D62D27C3-8F46-46A8-94DE-8392B53B1BE6}"
EndProject
Project("{2150E333-8FDC-42A3-9474-1A3956D46DE8}") = "Solution Items", "Solution Items", "{AE46804D-8FDB-430C-8AF5-DE8D2385C5CF}"
	ProjectSection(SolutionItems) = preProject
		compile.sh = compile.sh
		notes.txt = notes.txt
		run.sh = run.sh
		runcu.sh = runcu.sh
		test.sh = test.sh
	EndProjectSection
EndProject
Global
	GlobalSection(SolutionConfigurationPlatforms) = preSolution
		Debug|x64 = Debug|x64
		Debug|x86 = Debug|x86
		Release|x64 = Release|x64
		Release|x86 = Release|x86
	EndGlobalSection
	GlobalSection(ProjectConfigurationPlatforms) = postSolution
		{D62D27C3-8F46-46A8-94DE-8392B53B1BE6}.Debug|x64.ActiveCfg = Debug|x64
		{D62D27C3-8F46-46A8-94DE-8392B53B1BE6}.Debug|x64.Build.0 = Debug|x64
		{D62D27C3-8F46-46A8-94DE-8392B53B1BE6}.Debug|x86.ActiveCfg = Debug|Win32
		{D62D27C3-8F46-46A8-94DE-8392B53B1BE6}.Debug|x86.Build.0 = Debug|Win32
		{D62D27C3-8F46-46A8-94DE-8392B53B1BE6}.Release|x64.ActiveCfg = Release|x64
		{D62D27C3-8F46-46A8-94DE-8392B53B1BE6}.Release|x64.Build.0 = Release|x64
		{D62D27C3-8F46-46A8-94DE-8392B53B1BE6}.Release|x86.ActiveCfg = Release|Win32
		{D62D27C3-8F46-46A8-94DE-8392B53B1BE6}.Release|x86.Build.0 = Release|Win32
	EndGlobalSection
	GlobalSection(SolutionProperties) = preSolution
		HideSolutionNode = FALSE
	EndGlobalSection
	GlobalSection(ExtensibilityGlobals) = postSolution
		SolutionGuid = {6EFB5F27-3E7D-4161-B574-819DDFECF18A}
	EndGlobalSection
EndGlobal
